
Microsoft Visual Studio Solution File, Format Version 12.00
# Visual Studio 15
VisualStudioVersion = 15.0.27703.2035
MinimumVisualStudioVersion = 10.0.40219.1
Project("{FAE04EC0-301F-11D3-BF4B-00C04F79EFBC}") = "BetterCS", "BetterCS\BetterCS.csproj", "{78CCA368-0673-485E-8828-4FEC80CE090C}"
EndProject
Global
	GlobalSection(SolutionConfigurationPlatforms) = preSolution
		Debug|Any CPU = Debug|Any CPU
		Release|Any CPU = Release|Any CPU
	EndGlobalSection
	GlobalSection(ProjectConfigurationPlatforms) = postSolution
		{78CCA368-0673-485E-8828-4FEC80CE090C}.Debug|Any CPU.ActiveCfg = Debug|Any CPU
		{78CCA368-0673-485E-8828-4FEC80CE090C}.Debug|Any CPU.Build.0 = Debug|Any CPU
		{78CCA368-0673-485E-8828-4FEC80CE090C}.Release|Any CPU.ActiveCfg = Release|Any CPU
		{78CCA368-0673-485E-8828-4FEC80CE090C}.Release|Any CPU.Build.0 = Release|Any CPU
	EndGlobalSection
	GlobalSection(SolutionProperties) = preSolution
		HideSolutionNode = FALSE
	EndGlobalSection
	GlobalSection(ExtensibilityGlobals) = postSolution
		SolutionGuid = {A4DE66C1-DADE-452C-A583-D81ADEA3C732}
	EndGlobalSection
EndGlobal
